
Microsoft Visual Studio Solution File, Format Version 12.00
# Visual Studio Version 16
VisualStudioVersion = 16.0.31702.278
MinimumVisualStudioVersion = 10.0.40219.1
Project("{8BC9CEB8-8B4A-11D0-8D11-00A0C91BC942}") = "LargeIntAdder", "LargeIntAdder.vcxproj", "{42917249-E4F3-4E32-BB88-2D94326F06D2}"
EndProject
Global
	GlobalSection(SolutionConfigurationPlatforms) = preSolution
		Debug|x64 = Debug|x64
		Debug|x86 = Debug|x86
		Release|x64 = Release|x64
		Release|x86 = Release|x86
	EndGlobalSection
	GlobalSection(ProjectConfigurationPlatforms) = postSolution
		{42917249-E4F3-4E32-BB88-2D94326F06D2}.Debug|x64.ActiveCfg = Debug|x64
		{42917249-E4F3-4E32-BB88-2D94326F06D2}.Debug|x64.Build.0 = Debug|x64
		{42917249-E4F3-4E32-BB88-2D94326F06D2}.Debug|x86.ActiveCfg = Debug|Win32
		{42917249-E4F3-4E32-BB88-2D94326F06D2}.Debug|x86.Build.0 = Debug|Win32
		{42917249-E4F3-4E32-BB88-2D94326F06D2}.Release|x64.ActiveCfg = Release|x64
		{42917249-E4F3-4E32-BB88-2D94326F06D2}.Release|x64.Build.0 = Release|x64
		{42917249-E4F3-4E32-BB88-2D94326F06D2}.Release|x86.ActiveCfg = Release|Win32
		{42917249-E4F3-4E32-BB88-2D94326F06D2}.Release|x86.Build.0 = Release|Win32
	EndGlobalSection
	GlobalSection(SolutionProperties) = preSolution
		HideSolutionNode = FALSE
	EndGlobalSection
	GlobalSection(ExtensibilityGlobals) = postSolution
		SolutionGuid = {98923CB1-BB37-40C5-BE4C-B2B0EED7516A}
	EndGlobalSection
EndGlobal
